
Microsoft Visual Studio Solution File, Format Version 12.00
Project("{FAE04EC0-301F-11D3-BF4B-00C04F79EFBC}") = "StoreApp.Web", "StoreApp.Web\StoreApp.Web.csproj", "{99F81E1B-71A6-4A73-B710-C43AA33DDC16}"
EndProject
Global
	GlobalSection(SolutionConfigurationPlatforms) = preSolution
		Debug|Any CPU = Debug|Any CPU
		Release|Any CPU = Release|Any CPU
	EndGlobalSection
	GlobalSection(ProjectConfigurationPlatforms) = postSolution
		{99F81E1B-71A6-4A73-B710-C43AA33DDC16}.Debug|Any CPU.ActiveCfg = Debug|Any CPU
		{99F81E1B-71A6-4A73-B710-C43AA33DDC16}.Debug|Any CPU.Build.0 = Debug|Any CPU
		{99F81E1B-71A6-4A73-B710-C43AA33DDC16}.Release|Any CPU.ActiveCfg = Release|Any CPU
		{99F81E1B-71A6-4A73-B710-C43AA33DDC16}.Release|Any CPU.Build.0 = Release|Any CPU
	EndGlobalSection
EndGlobal
